
Microsoft Visual Studio Solution File, Format Version 12.00
# Visual Studio Version 17
VisualStudioVersion = 17.9.34607.119
MinimumVisualStudioVersion = 10.0.40219.1
Project("{FAE04EC0-301F-11D3-BF4B-00C04F79EFBC}") = "TraderPlusEditor", "TraderPlusEditor\TraderPlusEditor.csproj", "{1B70C440-32F1-40C6-BF5F-D737D1D44903}"
EndProject
Global
	GlobalSection(SolutionConfigurationPlatforms) = preSolution
		Debug|Any CPU = Debug|Any CPU
		Release|Any CPU = Release|Any CPU
	EndGlobalSection
	GlobalSection(ProjectConfigurationPlatforms) = postSolution
		{1B70C440-32F1-40C6-BF5F-D737D1D44903}.Debug|Any CPU.ActiveCfg = Debug|Any CPU
		{1B70C440-32F1-40C6-BF5F-D737D1D44903}.Debug|Any CPU.Build.0 = Debug|Any CPU
		{1B70C440-32F1-40C6-BF5F-D737D1D44903}.Release|Any CPU.ActiveCfg = Release|Any CPU
		{1B70C440-32F1-40C6-BF5F-D737D1D44903}.Release|Any CPU.Build.0 = Release|Any CPU
	EndGlobalSection
	GlobalSection(SolutionProperties) = preSolution
		HideSolutionNode = FALSE
	EndGlobalSection
	GlobalSection(ExtensibilityGlobals) = postSolution
		SolutionGuid = {F3937CD5-F052-4D33-9E37-57B36A34F7EE}
	EndGlobalSection
EndGlobal
