
Microsoft Visual Studio Solution File, Format Version 12.00
# Visual Studio Version 17
VisualStudioVersion = 17.6.33712.159
MinimumVisualStudioVersion = 10.0.40219.1
Project("{FAE04EC0-301F-11D3-BF4B-00C04F79EFBC}") = "TraderPlusEditor", "TraderPlusEditor\TraderPlusEditor.csproj", "{D3083B02-4A9F-4A02-B537-6EA891A8AA5A}"
EndProject
Global
	GlobalSection(SolutionConfigurationPlatforms) = preSolution
		Debug|Any CPU = Debug|Any CPU
		Release|Any CPU = Release|Any CPU
	EndGlobalSection
	GlobalSection(ProjectConfigurationPlatforms) = postSolution
		{D3083B02-4A9F-4A02-B537-6EA891A8AA5A}.Debug|Any CPU.ActiveCfg = Debug|Any CPU
		{D3083B02-4A9F-4A02-B537-6EA891A8AA5A}.Debug|Any CPU.Build.0 = Debug|Any CPU
		{D3083B02-4A9F-4A02-B537-6EA891A8AA5A}.Release|Any CPU.ActiveCfg = Release|Any CPU
		{D3083B02-4A9F-4A02-B537-6EA891A8AA5A}.Release|Any CPU.Build.0 = Release|Any CPU
	EndGlobalSection
	GlobalSection(SolutionProperties) = preSolution
		HideSolutionNode = FALSE
	EndGlobalSection
	GlobalSection(ExtensibilityGlobals) = postSolution
		SolutionGuid = {0B7AD96B-EC7A-4F22-9F5F-9985371B5CED}
	EndGlobalSection
EndGlobal
